{
  "lockfileVersion": 1,
  "workspaces": {
    "": {
      "name": "frontend-standards-checker",
      "dependencies": {
        "acorn": "^8.11.3",
        "acorn-walk": "^8.3.2",
        "chalk": "^5.3.0",
        "commander": "^11.1.0",
      },
    },
  },
  "packages": {
    "acorn": ["acorn@8.15.0", "", { "bin": { "acorn": "bin/acorn" } }, "sha512-NZyJarBfL7nWwIq+FDL6Zp/yHEhePMNnnJ0y3qfieCrmNvYct8uvtiV41UvlSe6apAfk0fY1FbWx+NwfmpvtTg=="],

    "acorn-walk": ["acorn-walk@8.3.4", "", { "dependencies": { "acorn": "^8.11.0" } }, "sha512-ueEepnujpqee2o5aIYnvHU6C0A42MNdsIDeqy5BydrkuC5R1ZuUFnm27EeFJGoEHJQgn3uleRvmTXaJgfXbt4g=="],

    "chalk": ["chalk@5.4.1", "", {}, "sha512-zgVZuo2WcZgfUEmsn6eO3kINexW8RAE4maiQ8QNs8CtpPCSyMiYsULR3HQYkm3w8FIA3SberyMJMSldGsW+U3w=="],

    "commander": ["commander@11.1.0", "", {}, "sha512-yPVavfyCcRhmorC7rWlkHn15b4wDVgVmBA7kV4QVBsF7kv/9TKJAbAXVTxvTnwP8HHKjRCJDClKbciiYS7p0DQ=="],
  }
}
